
Microsoft Visual Studio Solution File, Format Version 12.00
# Visual Studio Version 17
VisualStudioVersion = 17.4.33205.214
MinimumVisualStudioVersion = 10.0.40219.1
Project("{9A19103F-16F7-4668-BE54-9A1E7A4F7556}") = "ExpiredReminderBot", "ExpiredReminderBot\ExpiredReminderBot.csproj", "{F69CD018-9529-49FE-8E0F-9832985A5EBE}"
EndProject
Project("{FAE04EC0-301F-11D3-BF4B-00C04F79EFBC}") = "ExpiredReminderBot.Database", "ExpiredReminderBot.Database\ExpiredReminderBot.Database.csproj", "{875216AE-369A-4DBF-BA1D-E68905011824}"
EndProject
Global
	GlobalSection(SolutionConfigurationPlatforms) = preSolution
		Debug|Any CPU = Debug|Any CPU
		Release|Any CPU = Release|Any CPU
	EndGlobalSection
	GlobalSection(ProjectConfigurationPlatforms) = postSolution
		{F69CD018-9529-49FE-8E0F-9832985A5EBE}.Debug|Any CPU.ActiveCfg = Debug|Any CPU
		{F69CD018-9529-49FE-8E0F-9832985A5EBE}.Debug|Any CPU.Build.0 = Debug|Any CPU
		{F69CD018-9529-49FE-8E0F-9832985A5EBE}.Release|Any CPU.ActiveCfg = Release|Any CPU
		{F69CD018-9529-49FE-8E0F-9832985A5EBE}.Release|Any CPU.Build.0 = Release|Any CPU
		{875216AE-369A-4DBF-BA1D-E68905011824}.Debug|Any CPU.ActiveCfg = Debug|Any CPU
		{875216AE-369A-4DBF-BA1D-E68905011824}.Debug|Any CPU.Build.0 = Debug|Any CPU
		{875216AE-369A-4DBF-BA1D-E68905011824}.Release|Any CPU.ActiveCfg = Release|Any CPU
		{875216AE-369A-4DBF-BA1D-E68905011824}.Release|Any CPU.Build.0 = Release|Any CPU
	EndGlobalSection
	GlobalSection(SolutionProperties) = preSolution
		HideSolutionNode = FALSE
	EndGlobalSection
	GlobalSection(ExtensibilityGlobals) = postSolution
		SolutionGuid = {B96233BA-D24F-422A-B167-284DBA887BD3}
	EndGlobalSection
EndGlobal
